
Microsoft Visual Studio Solution File, Format Version 12.00
# Visual Studio 15
VisualStudioVersion = 15.0.26730.10
MinimumVisualStudioVersion = 10.0.40219.1
Project("{FAE04EC0-301F-11D3-BF4B-00C04F79EFBC}") = "GamingSupervisor", "GamingSupervisor\GamingSupervisor.csproj", "{7C14EFE7-67E1-411C-894C-E2485A1DFC62}"
	ProjectSection(ProjectDependencies) = postProject
		{EBDB3153-80D6-4709-BD02-F58AD8407465} = {EBDB3153-80D6-4709-BD02-F58AD8407465}
	EndProjectSection
EndProject
Project("{FAE04EC0-301F-11D3-BF4B-00C04F79EFBC}") = "replayParse", "replayParse\replayParse.csproj", "{EBDB3153-80D6-4709-BD02-F58AD8407465}"
EndProject
Global
	GlobalSection(SolutionConfigurationPlatforms) = preSolution
		Debug|Any CPU = Debug|Any CPU
		Debug|x86 = Debug|x86
		Release|Any CPU = Release|Any CPU
		Release|x86 = Release|x86
	EndGlobalSection
	GlobalSection(ProjectConfigurationPlatforms) = postSolution
		{7C14EFE7-67E1-411C-894C-E2485A1DFC62}.Debug|Any CPU.ActiveCfg = Debug|Any CPU
		{7C14EFE7-67E1-411C-894C-E2485A1DFC62}.Debug|Any CPU.Build.0 = Debug|Any CPU
		{7C14EFE7-67E1-411C-894C-E2485A1DFC62}.Debug|x86.ActiveCfg = Debug|Any CPU
		{7C14EFE7-67E1-411C-894C-E2485A1DFC62}.Debug|x86.Build.0 = Debug|Any CPU
		{7C14EFE7-67E1-411C-894C-E2485A1DFC62}.Release|Any CPU.ActiveCfg = Release|Any CPU
		{7C14EFE7-67E1-411C-894C-E2485A1DFC62}.Release|Any CPU.Build.0 = Release|Any CPU
		{7C14EFE7-67E1-411C-894C-E2485A1DFC62}.Release|x86.ActiveCfg = Release|Any CPU
		{7C14EFE7-67E1-411C-894C-E2485A1DFC62}.Release|x86.Build.0 = Release|Any CPU
		{EBDB3153-80D6-4709-BD02-F58AD8407465}.Debug|Any CPU.ActiveCfg = Debug|Any CPU
		{EBDB3153-80D6-4709-BD02-F58AD8407465}.Debug|Any CPU.Build.0 = Debug|Any CPU
		{EBDB3153-80D6-4709-BD02-F58AD8407465}.Debug|x86.ActiveCfg = Debug|x86
		{EBDB3153-80D6-4709-BD02-F58AD8407465}.Debug|x86.Build.0 = Debug|x86
		{EBDB3153-80D6-4709-BD02-F58AD8407465}.Release|Any CPU.ActiveCfg = Release|Any CPU
		{EBDB3153-80D6-4709-BD02-F58AD8407465}.Release|Any CPU.Build.0 = Release|Any CPU
		{EBDB3153-80D6-4709-BD02-F58AD8407465}.Release|x86.ActiveCfg = Release|x86
		{EBDB3153-80D6-4709-BD02-F58AD8407465}.Release|x86.Build.0 = Release|x86
	EndGlobalSection
	GlobalSection(SolutionProperties) = preSolution
		HideSolutionNode = FALSE
	EndGlobalSection
	GlobalSection(ExtensibilityGlobals) = postSolution
		SolutionGuid = {96990351-E0C7-4FB3-A34D-32720CCDEC6D}
	EndGlobalSection
EndGlobal
