
Microsoft Visual Studio Solution File, Format Version 12.00
# Visual Studio 15
VisualStudioVersion = 15.0.26730.8
MinimumVisualStudioVersion = 10.0.40219.1
Project("{FAE04EC0-301F-11D3-BF4B-00C04F79EFBC}") = "Gaming Supervisor", "WindowsFormsApp1\Gaming Supervisor.csproj", "{170336B4-5DD4-4673-B421-2ECC9D60109D}"
EndProject
Global
	GlobalSection(SolutionConfigurationPlatforms) = preSolution
		Debug|Any CPU = Debug|Any CPU
		Release|Any CPU = Release|Any CPU
	EndGlobalSection
	GlobalSection(ProjectConfigurationPlatforms) = postSolution
		{170336B4-5DD4-4673-B421-2ECC9D60109D}.Debug|Any CPU.ActiveCfg = Debug|Any CPU
		{170336B4-5DD4-4673-B421-2ECC9D60109D}.Debug|Any CPU.Build.0 = Debug|Any CPU
		{170336B4-5DD4-4673-B421-2ECC9D60109D}.Release|Any CPU.ActiveCfg = Release|Any CPU
		{170336B4-5DD4-4673-B421-2ECC9D60109D}.Release|Any CPU.Build.0 = Release|Any CPU
	EndGlobalSection
	GlobalSection(SolutionProperties) = preSolution
		HideSolutionNode = FALSE
	EndGlobalSection
	GlobalSection(ExtensibilityGlobals) = postSolution
		SolutionGuid = {2EBF1D93-6C97-42AE-9079-691AB45DB579}
	EndGlobalSection
EndGlobal
